<Project xmlns="http://schemas.microsoft.com/developer/msbuild/2003">
  <PropertyGroup>
    <ProjectGuid>{4d9aae92-730f-4222-a3b9-cd2203164cac}</ProjectGuid>
    <MainSource>FailChecklessTestsDemo.dpr</MainSource>
    <Configuration Condition=" '$(Configuration)' == '' ">Debug</Configuration>
    <Platform Condition=" '$(Platform)' == '' ">AnyCPU</Platform>
    <DCC_DCCCompiler>DCC32</DCC_DCCCompiler>
    <DCC_DependencyCheckOutputName>FailChecklessTestsDemo.exe</DCC_DependencyCheckOutputName>
  </PropertyGroup>
  <PropertyGroup Condition=" '$(Configuration)|$(Platform)' == 'Release|AnyCPU' ">
    <Version>7.0</Version>
    <DCC_DebugInformation>False</DCC_DebugInformation>
    <DCC_LocalDebugSymbols>False</DCC_LocalDebugSymbols>
    <DCC_SymbolReferenceInfo>0</DCC_SymbolReferenceInfo>
    <DCC_Define>RELEASE</DCC_Define>
  </PropertyGroup>
  <PropertyGroup Condition=" '$(Configuration)|$(Platform)' == 'Debug|AnyCPU' ">
    <Version>7.0</Version>
    <DCC_Define>DEBUG</DCC_Define>
  </PropertyGroup>
  <ProjectExtensions>
    <Borland.Personality>Delphi.Personality</Borland.Personality>
    <Borland.ProjectType>VCLApplication</Borland.ProjectType>
    <BorlandProject>
<BorlandProject xmlns=""> <Delphi.Personality>   <Parameters>
      <Parameters Name="UseLauncher">False</Parameters>
      <Parameters Name="LoadAllSymbols">True</Parameters>
      <Parameters Name="LoadUnspecifiedSymbols">False</Parameters>
    </Parameters>
    <VersionInfo>
      <VersionInfo Name="IncludeVerInfo">False</VersionInfo>
      <VersionInfo Name="AutoIncBuild">False</VersionInfo>
      <VersionInfo Name="MajorVer">1</VersionInfo>
      <VersionInfo Name="MinorVer">0</VersionInfo>
      <VersionInfo Name="Release">0</VersionInfo>
      <VersionInfo Name="Build">0</VersionInfo>
      <VersionInfo Name="Debug">False</VersionInfo>
      <VersionInfo Name="PreRelease">False</VersionInfo>
      <VersionInfo Name="Special">False</VersionInfo>
      <VersionInfo Name="Private">False</VersionInfo>
      <VersionInfo Name="DLL">False</VersionInfo>
      <VersionInfo Name="Locale">1033</VersionInfo>
      <VersionInfo Name="CodePage">1252</VersionInfo>
    </VersionInfo>
    <VersionInfoKeys>
      <VersionInfoKeys Name="CompanyName"></VersionInfoKeys>
      <VersionInfoKeys Name="FileDescription"></VersionInfoKeys>
      <VersionInfoKeys Name="FileVersion">1.0.0.0</VersionInfoKeys>
      <VersionInfoKeys Name="InternalName"></VersionInfoKeys>
      <VersionInfoKeys Name="LegalCopyright"></VersionInfoKeys>
      <VersionInfoKeys Name="LegalTrademarks"></VersionInfoKeys>
      <VersionInfoKeys Name="OriginalFilename"></VersionInfoKeys>
      <VersionInfoKeys Name="ProductName"></VersionInfoKeys>
      <VersionInfoKeys Name="ProductVersion">1.0.0.0</VersionInfoKeys>
      <VersionInfoKeys Name="Comments"></VersionInfoKeys>
    </VersionInfoKeys>
    <Excluded_Packages>
      <Excluded_Packages Name="C:\Users\Public\Documents\RAD Studio\5.0\Bpl\ACBrOpenSSL.bpl">ACBr - OpenSSL através do LibXMLSec - (http://www.projetoacbr.com.br/)</Excluded_Packages>
      <Excluded_Packages Name="$(BDS)\bin\dclofficexp100.bpl">Microsoft Office XP Sample Automation Server Wrapper Components</Excluded_Packages>
      <Excluded_Packages Name="$(BDS)\Bpl\JvXPCtrlsD11D.bpl">JVCL XP Controls</Excluded_Packages>
      <Excluded_Packages Name="C:\Users\Public\Documents\RAD Studio\5.0\Bpl\ACBrDiversos.bpl">ACBr - Calculadora, Extenso, Validador, Troco, CMC7, Fala, BarCode, EnterTab, GIF, QrCode, InStore, CargaBal - (http://www.projetoacbr.com.br/)</Excluded_Packages>
      <Excluded_Packages Name="C:\Users\Public\Documents\RAD Studio\5.0\Bpl\ACBrComum.bpl">ACBr - Biblioteca Comum, EAD, AAC  - (http://www.projetoacbr.com.br/)</Excluded_Packages>
      <Excluded_Packages Name="C:\Users\Public\Documents\RAD Studio\5.0\Bpl\ACBr_Boleto.bpl">ACBr - Boleto - (http://www.projetoacbr.com.br/)</Excluded_Packages>
      <Excluded_Packages Name="C:\Users\Public\Documents\RAD Studio\5.0\Bpl\ACBr_BoletoFC_FR.bpl">ACBr - Boleto Impressão em  FastReport - (http://www.projetoacbr.com.br/)</Excluded_Packages>
      <Excluded_Packages Name="C:\Users\Public\Documents\RAD Studio\5.0\Bpl\ACBr_NFe2.bpl">ACBr - Nota Fiscal Eletrônica - (http://www.projetoacbr.com.br/)</Excluded_Packages>
      <Excluded_Packages Name="C:\Users\Public\Documents\RAD Studio\5.0\Bpl\ACBrNFeDanfeESCPOS.bpl">ACBr - DANFe para NFC-e Impressora Serial - (http://www.projetoacbr.com.br/)</Excluded_Packages>
      <Excluded_Packages Name="C:\Users\Public\Documents\RAD Studio\5.0\Bpl\ACBrSerial.bpl">ACBr - ECF, Balanças, Cheques, Displays, Etiquetas, Gavetas, Terminais, SMS, RFD, Leitores (http://www.projetoacbr.com.br/)</Excluded_Packages>
      <Excluded_Packages Name="C:\Users\Public\Documents\RAD Studio\5.0\Bpl\ACBr_SAT.bpl">ACBr - Cupom Fiscal Eletrônico SAT - (http://www.projetoacbr.com.br/)</Excluded_Packages>
      <Excluded_Packages Name="C:\Users\Public\Documents\RAD Studio\5.0\Bpl\ACBr_SAT_Extrato_ESCPOS.bpl">ACBr - Extrato Cupom Fiscal Eletrônico SAT para Serial - (http://www.projectoacbr.com.br/)</Excluded_Packages>
      <Excluded_Packages Name="C:\Users\Public\Documents\RAD Studio\5.0\Bpl\ACBr_SAT_ECFVirtual.bpl">ACBr - ECF Virtual para o SAT. Permite que aplicações que usem o componente ACBrECF, comandem um SAT como se fosse um ECF</Excluded_Packages>
      <Excluded_Packages Name="C:\Users\Public\Documents\RAD Studio\5.0\Bpl\ACBrTCP.bpl">ACBr - Socket, CEP, TCP, IBGE, CNIEE, Suframa, Download, FTP, HTTP, NFPws, IBPTax, CNPJ, CPF, Cotação, E-mail - (http://www.projectoacbr.com.br/)</Excluded_Packages>
      <Excluded_Packages Name="C:\Users\Public\Documents\RAD Studio\5.0\Bpl\ACBr_TEFD.bpl">ACBr - Transferência Eletrônica de Fundos (http://www.projetoacbr.com.br/)</Excluded_Packages>
      <Excluded_Packages Name="C:\Users\Public\Documents\RAD Studio\5.0\Bpl\ACBrNFeDanfeFRpkg.bpl">ACBr - DANFe em FastReport - (http://www.projetoacbr.com.br/)</Excluded_Packages>
      <Excluded_Packages Name="C:\Users\Public\Documents\RAD Studio\5.0\Bpl\ConsultEscPos.bpl">(untitled)</Excluded_Packages>
    </Excluded_Packages>
    <Source>
      <Source Name="MainSource">FailChecklessTestsDemo.dpr</Source>
    </Source>
  </Delphi.Personality> </BorlandProject></BorlandProject>
  </ProjectExtensions>
  <ItemGroup />
  <ItemGroup>
    <DelphiCompile Include="FailChecklessTestsDemo.dpr">
      <MainSource>MainSource</MainSource>
    </DelphiCompile>
    <DCCReference Include="TestFailChecklessTests.pas" />
  </ItemGroup>
  <Import Project="$(MSBuildBinPath)\Borland.Delphi.Targets" />
</Project>